
Microsoft Visual Studio Solution File, Format Version 12.00
# Visual Studio Version 17
VisualStudioVersion = 17.13.35818.85 d17.13
MinimumVisualStudioVersion = 10.0.40219.1
Project("{FAE04EC0-301F-11D3-BF4B-00C04F79EFBC}") = "BLL", "BLL\BLL.csproj", "{08529CB2-F303-46AD-8199-FE72EBAA787B}"
EndProject
Project("{FAE04EC0-301F-11D3-BF4B-00C04F79EFBC}") = "ENTITY", "ENTITY\ENTITY.csproj", "{AFE8CE66-8614-4E56-A68B-F46BA6B42BFF}"
EndProject
Project("{FAE04EC0-301F-11D3-BF4B-00C04F79EFBC}") = "DAL", "DAL\DAL.csproj", "{461E6ACF-FED2-4BCE-8C27-F016B896A775}"
EndProject
Project("{FAE04EC0-301F-11D3-BF4B-00C04F79EFBC}") = "GUI", "GUI\GUI.csproj", "{93C47688-3EE7-49F5-98A7-66171260CF78}"
EndProject
Global
	GlobalSection(SolutionConfigurationPlatforms) = preSolution
		Debug|Any CPU = Debug|Any CPU
		Release|Any CPU = Release|Any CPU
	EndGlobalSection
	GlobalSection(ProjectConfigurationPlatforms) = postSolution
		{08529CB2-F303-46AD-8199-FE72EBAA787B}.Debug|Any CPU.ActiveCfg = Debug|Any CPU
		{08529CB2-F303-46AD-8199-FE72EBAA787B}.Debug|Any CPU.Build.0 = Debug|Any CPU
		{08529CB2-F303-46AD-8199-FE72EBAA787B}.Release|Any CPU.ActiveCfg = Release|Any CPU
		{08529CB2-F303-46AD-8199-FE72EBAA787B}.Release|Any CPU.Build.0 = Release|Any CPU
		{AFE8CE66-8614-4E56-A68B-F46BA6B42BFF}.Debug|Any CPU.ActiveCfg = Debug|Any CPU
		{AFE8CE66-8614-4E56-A68B-F46BA6B42BFF}.Debug|Any CPU.Build.0 = Debug|Any CPU
		{AFE8CE66-8614-4E56-A68B-F46BA6B42BFF}.Release|Any CPU.ActiveCfg = Release|Any CPU
		{AFE8CE66-8614-4E56-A68B-F46BA6B42BFF}.Release|Any CPU.Build.0 = Release|Any CPU
		{461E6ACF-FED2-4BCE-8C27-F016B896A775}.Debug|Any CPU.ActiveCfg = Debug|Any CPU
		{461E6ACF-FED2-4BCE-8C27-F016B896A775}.Debug|Any CPU.Build.0 = Debug|Any CPU
		{461E6ACF-FED2-4BCE-8C27-F016B896A775}.Release|Any CPU.ActiveCfg = Release|Any CPU
		{461E6ACF-FED2-4BCE-8C27-F016B896A775}.Release|Any CPU.Build.0 = Release|Any CPU
		{93C47688-3EE7-49F5-98A7-66171260CF78}.Debug|Any CPU.ActiveCfg = Debug|Any CPU
		{93C47688-3EE7-49F5-98A7-66171260CF78}.Debug|Any CPU.Build.0 = Debug|Any CPU
		{93C47688-3EE7-49F5-98A7-66171260CF78}.Release|Any CPU.ActiveCfg = Release|Any CPU
		{93C47688-3EE7-49F5-98A7-66171260CF78}.Release|Any CPU.Build.0 = Release|Any CPU
	EndGlobalSection
	GlobalSection(SolutionProperties) = preSolution
		HideSolutionNode = FALSE
	EndGlobalSection
	GlobalSection(ExtensibilityGlobals) = postSolution
		SolutionGuid = {7491DD1F-438A-4F89-97F6-A7AE5DEF218F}
	EndGlobalSection
EndGlobal
